
Microsoft Visual Studio Solution File, Format Version 12.00
# Visual Studio Version 17
VisualStudioVersion = 17.2.32630.192
MinimumVisualStudioVersion = 10.0.40219.1
Project("{FAE04EC0-301F-11D3-BF4B-00C04F79EFBC}") = "Mensaje", "Mensaje\Mensaje.csproj", "{DCEB26D9-0270-4118-A0A3-8B318DB6E106}"
EndProject
Global
	GlobalSection(SolutionConfigurationPlatforms) = preSolution
		Debug|Any CPU = Debug|Any CPU
		Release|Any CPU = Release|Any CPU
	EndGlobalSection
	GlobalSection(ProjectConfigurationPlatforms) = postSolution
		{DCEB26D9-0270-4118-A0A3-8B318DB6E106}.Debug|Any CPU.ActiveCfg = Debug|Any CPU
		{DCEB26D9-0270-4118-A0A3-8B318DB6E106}.Debug|Any CPU.Build.0 = Debug|Any CPU
		{DCEB26D9-0270-4118-A0A3-8B318DB6E106}.Release|Any CPU.ActiveCfg = Release|Any CPU
		{DCEB26D9-0270-4118-A0A3-8B318DB6E106}.Release|Any CPU.Build.0 = Release|Any CPU
	EndGlobalSection
	GlobalSection(SolutionProperties) = preSolution
		HideSolutionNode = FALSE
	EndGlobalSection
	GlobalSection(ExtensibilityGlobals) = postSolution
		SolutionGuid = {D9908C2C-743B-4932-AD7A-6E2B40A4E73C}
	EndGlobalSection
EndGlobal
